
Microsoft Visual Studio Solution File, Format Version 12.00
# Visual Studio 15
VisualStudioVersion = 15.0.27703.2042
MinimumVisualStudioVersion = 10.0.40219.1
Project("{FAE04EC0-301F-11D3-BF4B-00C04F79EFBC}") = "Ch8-P9-ComparableCar", "Ch8-P9-ComparableCar\Ch8-P9-ComparableCar.csproj", "{E26E7C74-CCC1-40AD-B228-0AE011CE4BE6}"
EndProject
Global
	GlobalSection(SolutionConfigurationPlatforms) = preSolution
		Debug|Any CPU = Debug|Any CPU
		Release|Any CPU = Release|Any CPU
	EndGlobalSection
	GlobalSection(ProjectConfigurationPlatforms) = postSolution
		{E26E7C74-CCC1-40AD-B228-0AE011CE4BE6}.Debug|Any CPU.ActiveCfg = Debug|Any CPU
		{E26E7C74-CCC1-40AD-B228-0AE011CE4BE6}.Debug|Any CPU.Build.0 = Debug|Any CPU
		{E26E7C74-CCC1-40AD-B228-0AE011CE4BE6}.Release|Any CPU.ActiveCfg = Release|Any CPU
		{E26E7C74-CCC1-40AD-B228-0AE011CE4BE6}.Release|Any CPU.Build.0 = Release|Any CPU
	EndGlobalSection
	GlobalSection(SolutionProperties) = preSolution
		HideSolutionNode = FALSE
	EndGlobalSection
	GlobalSection(ExtensibilityGlobals) = postSolution
		SolutionGuid = {6B6171DA-19FC-4804-90D1-3D71B86D46C2}
	EndGlobalSection
EndGlobal
